dependencies:
- name: postgresql-ha
  repository: https://charts.bitnami.com/bitnami
  version: 6.5.0
- name: postgresql
  repository: https://charts.bitnami.com/bitnami
  version: 10.2.6
digest: sha256:91ce9d1e21ab36b650d6cf9cc01be7cc1f4e1e10a63ba8fb90d1c495e094ecfc
generated: "2021-01-30T12:42:09.002755+09:00"
